
Microsoft Visual Studio Solution File, Format Version 12.00
# Visual Studio Version 17
VisualStudioVersion = 17.10.35122.118
MinimumVisualStudioVersion = 10.0.40219.1
Project("{FAE04EC0-301F-11D3-BF4B-00C04F79EFBC}") = "WinFormsApp23", "WinFormsApp23\WinFormsApp23.csproj", "{21B5B101-68F6-4C78-9A90-A91FDEACC251}"
EndProject
Global
	GlobalSection(SolutionConfigurationPlatforms) = preSolution
		Debug|Any CPU = Debug|Any CPU
		Release|Any CPU = Release|Any CPU
	EndGlobalSection
	GlobalSection(ProjectConfigurationPlatforms) = postSolution
		{21B5B101-68F6-4C78-9A90-A91FDEACC251}.Debug|Any CPU.ActiveCfg = Debug|Any CPU
		{21B5B101-68F6-4C78-9A90-A91FDEACC251}.Debug|Any CPU.Build.0 = Debug|Any CPU
		{21B5B101-68F6-4C78-9A90-A91FDEACC251}.Release|Any CPU.ActiveCfg = Release|Any CPU
		{21B5B101-68F6-4C78-9A90-A91FDEACC251}.Release|Any CPU.Build.0 = Release|Any CPU
	EndGlobalSection
	GlobalSection(SolutionProperties) = preSolution
		HideSolutionNode = FALSE
	EndGlobalSection
	GlobalSection(ExtensibilityGlobals) = postSolution
		SolutionGuid = {787FCF64-6B75-4A56-A405-3D6DE633542F}
	EndGlobalSection
EndGlobal
